PODS:
  - Alamofire (4.9.1)
  - AXPhotoViewer (1.7.1):
    - AXPhotoViewer/Core (= 1.7.1)
  - AXPhotoViewer/Core (1.7.1):
    - AXStateButton (>= 1.1.3)
    - FLAnimatedImage (>= 1.0.0)
    - FLAnimatedImage-tvOS (>= 1.0.16)
  - AXStateButton (1.1.4)
  - FLAnimatedImage (1.0.12)
  - RDExtensionsSwift (5.0.1)
  - ReachabilitySwift (5.0.0)
  - RxCocoa (5.0.1):
    - RxRelay (~> 5)
    - RxSwift (~> 5)
  - RxRelay (5.0.1):
    - RxSwift (~> 5)
  - RxSwift (5.0.1)
  - SDWebImage (5.5.1):
    - SDWebImage/Core (= 5.5.1)
  - SDWebImage/Core (5.5.1)
  - SnapKit (5.0.1)
  - SVProgressHUD (2.2.5)
  - SwiftyJSON (5.0.0)

DEPENDENCIES:
  - Alamofire
  - AXPhotoViewer
  - RDExtensionsSwift
  - ReachabilitySwift
  - RxCocoa
  - RxSwift
  - SDWebImage
  - SnapKit
  - SVProgressHUD
  - SwiftyJSON

SPEC REPOS:
  trunk:
    - Alamofire
    - AXPhotoViewer
    - AXStateButton
    - FLAnimatedImage
    - RDExtensionsSwift
    - ReachabilitySwift
    - RxCocoa
    - RxRelay
    - RxSwift
    - SDWebImage
    - SnapKit
    - SVProgressHUD
    - SwiftyJSON

SPEC CHECKSUMS:
  Alamofire: 85e8a02c69d6020a0d734f6054870d7ecb75cf18
  AXPhotoViewer: f4b021c6e43b0b9dbc7b30cf8b9a4f577d0c1f51
  AXStateButton: 6c515a433e37551505046429b5be04c12daa8c07
  FLAnimatedImage: 4a0b56255d9b05f18b6dd7ee06871be5d3b89e31
  RDExtensionsSwift: adb9027414acbc0e42d3bf91bfd472cbfb1c61d0
  ReachabilitySwift: 985039c6f7b23a1da463388634119492ff86c825
  RxCocoa: e741b9749968e8a143e2b787f1dfbff2b63d0a5c
  RxRelay: 89d54507f4fd4d969e6ec1d4bd7f3673640b4640
  RxSwift: e2dc62b366a3adf6a0be44ba9f405efd4c94e0c4
  SDWebImage: 1245d058b7b8f59adef7a6da6bbafd4f1ab67041
  SnapKit: 97b92857e3df3a0c71833cce143274bf6ef8e5eb
  SVProgressHUD: 1428aafac632c1f86f62aa4243ec12008d7a51d6
  SwiftyJSON: 36413e04c44ee145039d332b4f4e2d3e8d6c4db7

PODFILE CHECKSUM: 1161e7539c7e2e35a3ed550c70a15c82d4353d4b

COCOAPODS: 1.8.4
